// !$*UTF8*$!
{
	archiveVersion = 1;
	classes = {
	};
	objectVersion = 52;
	objects = {

/* Begin PBXBuildFile section */
		0207DA581B56EA530066E2B4 /* Images.xcassets in Resources */ = {isa = PBXBuildFile; fileRef = 0207DA571B56EA530066E2B4 /* Images.xcassets */; };
		043708B92E444935AB0B6FDC /* WebKit.framework in Frameworks */ = {isa = PBXBuildFile; fileRef = 97FB49B82C454C03B4E4D801 /* WebKit.framework */; settings = {ATTRIBUTES = (Weak, ); }; };
		08D5E7F8A6D6489990259ACB /* SM_AFURLRequestSerialization.m in Sources */ = {isa = PBXBuildFile; fileRef = FB293FB5125F4BACB53DBD9C /* SM_AFURLRequestSerialization.m */; };
		126B6E71F92D4FF5BC67DF3B /* CDVCamera.m in Sources */ = {isa = PBXBuildFile; fileRef = A80E2B93472A400F8217844D /* CDVCamera.m */; };
		1D3623260D0F684500981E51 /* AppDelegate.m in Sources */ = {isa = PBXBuildFile; fileRef = 1D3623250D0F684500981E51 /* AppDelegate.m */; };
		1D60589B0D05DD56006BFB54 /* main.m in Sources */ = {isa = PBXBuildFile; fileRef = 29B97316FDCFA39411CA2CEA /* main.m */; };
		20ACF6FF22134E16AB0FF0E7 /* CDVNotification.bundle in Resources */ = {isa = PBXBuildFile; fileRef = 9A1082E0DCB3433DAC572233 /* CDVNotification.bundle */; };
		21B7140E2DE847F8BB00A0EB /* CDVInAppBrowserOptions.m in Sources */ = {isa = PBXBuildFile; fileRef = E0E839C5B69D449D874C0775 /* CDVInAppBrowserOptions.m */; };
		2387E3F2113E4DB09EF7CD9B /* SM_AFURLSessionManager.m in Sources */ = {isa = PBXBuildFile; fileRef = 09609E7E6191463EB2B89C96 /* SM_AFURLSessionManager.m */; };
		301BF552109A68D80062928A /* libCordova.a in Frameworks */ = {isa = PBXBuildFile; fileRef = 301BF535109A57CC0062928A /* libCordova.a */; settings = {ATTRIBUTES = (Required, ); }; };
		302D95F114D2391D003F00A1 /* MainViewController.m in Sources */ = {isa = PBXBuildFile; fileRef = 302D95EF14D2391D003F00A1 /* MainViewController.m */; };
		302D95F214D2391D003F00A1 /* MainViewController.xib in Resources */ = {isa = PBXBuildFile; fileRef = 302D95F014D2391D003F00A1 /* MainViewController.xib */; };
		36EA5DFC47EA421FB272D109 /* CDVWKProcessPoolFactory.m in Sources */ = {isa = PBXBuildFile; fileRef = 822BEE40515244FA9B29B790 /* CDVWKProcessPoolFactory.m */; };
		3A5B30CFE5CF4A1B96B5900D /* NativeGeocoder.swift in Sources */ = {isa = PBXBuildFile; fileRef = 2BDF294A63974EFFA750C5D7 /* NativeGeocoder.swift */; };
		3A723B0F89384CB68F4D0C9E /* SystemConfiguration.framework in Frameworks */ = {isa = PBXBuildFile; fileRef = 57646E0770EF4B639AFED59D /* SystemConfiguration.framework */; };
		3EE39129953F440B8395C464 /* SM_AFSecurityPolicy.m in Sources */ = {isa = PBXBuildFile; fileRef = 51AFF9003CDA4D5E9F5951D3 /* SM_AFSecurityPolicy.m */; };
		417A2715188242F5B66A1D2E /* CDVFile.m in Sources */ = {isa = PBXBuildFile; fileRef = C8EC803300F44DE897C24428 /* CDVFile.m */; };
		437E6B2DA4064F4A9F9E42BB /* CDVIonicKeyboard.m in Sources */ = {isa = PBXBuildFile; fileRef = 918D2714AE874F4A84982E00 /* CDVIonicKeyboard.m */; };
		5C25C67755664AB48D6DFF4E /* Security.framework in Frameworks */ = {isa = PBXBuildFile; fileRef = 4AAC8E63869E460FBCBAAF8C /* Security.framework */; };
		6312FB08410A4666BB85F376 /* CDVGlobalization.m in Sources */ = {isa = PBXBuildFile; fileRef = 4577A35816E142B2B03ACE99 /* CDVGlobalization.m */; };
		699C5559CD9140E29E2347A7 /* BinaryRequestSerializer.m in Sources */ = {isa = PBXBuildFile; fileRef = ADA9B8A80B344784A1736825 /* BinaryRequestSerializer.m */; };
		6AFF5BF91D6E424B00AB3073 /* CDVLaunchScreen.storyboard in Resources */ = {isa = PBXBuildFile; fileRef = 6AFF5BF81D6E424B00AB3073 /* CDVLaunchScreen.storyboard */; };
		6B0F41BE1ACB450FAD63516C /* ImageIO.framework in Frameworks */ = {isa = PBXBuildFile; fileRef = AE588952B2D74B90913D6326 /* ImageIO.framework */; settings = {ATTRIBUTES = (Weak, ); }; };
		6DD606583E2844F08BB31621 /* CDVLocation.m in Sources */ = {isa = PBXBuildFile; fileRef = D46548608B8340B7B5320207 /* CDVLocation.m */; };
		7021A07D9B3C4E07AC7CF97B /* NativeStorage.m in Sources */ = {isa = PBXBuildFile; fileRef = 63102593579F40638F2D3610 /* NativeStorage.m */; };
		729EC9968B744AF6BCDED1A5 /* CDVJpegHeaderWriter.m in Sources */ = {isa = PBXBuildFile; fileRef = FDB657C9F45448F8A047030D /* CDVJpegHeaderWriter.m */; };
		75B6D177BEEC46F69C172B8D /* CDVWKInAppBrowser.m in Sources */ = {isa = PBXBuildFile; fileRef = EFB4A1566C7140059B44F5ED /* CDVWKInAppBrowser.m */; };
		83EEBAB545D2480284C39FBA /* SM_AFHTTPSessionManager.m in Sources */ = {isa = PBXBuildFile; fileRef = B68F46D74B6D4BCAA28E9CF7 /* SM_AFHTTPSessionManager.m */; };
		859F03EBF33F4BB29E7B6A2D /* IONAssetHandler.m in Sources */ = {isa = PBXBuildFile; fileRef = 2D113EBD2A654E28BF39D1E9 /* IONAssetHandler.m */; };
		8AF6D4E8295F4CFF85FFF9B2 /* CoreLocation.framework in Frameworks */ = {isa = PBXBuildFile; fileRef = A3BBCC3C5BC04E5AA1E3D596 /* CoreLocation.framework */; };
		9113183AE5D249789D061524 /* UIImage+CropScaleOrientation.m in Sources */ = {isa = PBXBuildFile; fileRef = FD78E3A0267B4424A7943D81 /* UIImage+CropScaleOrientation.m */; };
		9A42683C2B4441FAA045E8FB /* SM_AFNetworkReachabilityManager.m in Sources */ = {isa = PBXBuildFile; fileRef = DC6A8CAAC56A4559BE07157D /* SM_AFNetworkReachabilityManager.m */; };
		A00EC5AA43C04BB3AF4931DE /* AVFoundation.framework in Frameworks */ = {isa = PBXBuildFile; fileRef = B3E9A0E8653F4D5A8D7F62C1 /* AVFoundation.framework */; };
		A804B44240A04451A8AC425E /* CDVViewController+SplashScreen.m in Sources */ = {isa = PBXBuildFile; fileRef = 6D31EA5D86564CC3937DF0D6 /* CDVViewController+SplashScreen.m */; };
		AB10D48396D04A9CA377C0BB /* BinaryResponseSerializer.m in Sources */ = {isa = PBXBuildFile; fileRef = 850D61898F1B4796B620D63F /* BinaryResponseSerializer.m */; };
		AF68EA46ECE446EC902B8C6D /* CDVWKInAppBrowserUIDelegate.m in Sources */ = {isa = PBXBuildFile; fileRef = C4D6A5E1D32C47E884BCC7F8 /* CDVWKInAppBrowserUIDelegate.m */; };
		B0CD6C9DE3C347E688830347 /* CordovaHttpPlugin.m in Sources */ = {isa = PBXBuildFile; fileRef = 79EFF547B84A4118AD43F8D0 /* CordovaHttpPlugin.m */; };
		B41F6B44C000454C856550CC /* TextResponseSerializer.m in Sources */ = {isa = PBXBuildFile; fileRef = B19ED95A8CA64498A1B40D2B /* TextResponseSerializer.m */; };
		BC086FA2B1BD486587607116 /* CDVStatusBar.m in Sources */ = {isa = PBXBuildFile; fileRef = A4A178EFBD8A424186698508 /* CDVStatusBar.m */; };
		BE42BE80737B4675AD367C94 /* CDVSplashScreen.m in Sources */ = {isa = PBXBuildFile; fileRef = F32BD4099E7A4E7CBE800C5B /* CDVSplashScreen.m */; };
		BEF3851AAF6A40E6B6C54925 /* CDVWKWebViewUIDelegate.m in Sources */ = {isa = PBXBuildFile; fileRef = 5B15D7B776A745B9AB43F365 /* CDVWKWebViewUIDelegate.m */; };
		BF3E330182694D1DA79DE9AC /* SM_AFURLResponseSerialization.m in Sources */ = {isa = PBXBuildFile; fileRef = C2662438F9D8497B83E12ADC /* SM_AFURLResponseSerialization.m */; };
		BFFF6254D3CE4584BCF6DA9C /* UserAgent.m in Sources */ = {isa = PBXBuildFile; fileRef = 8D9A5D137DDB42118F4CAE7E /* UserAgent.m */; };
		C17A525F3FAD472D829E2EF4 /* CDVWKWebViewEngine.m in Sources */ = {isa = PBXBuildFile; fileRef = 9ED0CC27EFB941369CA90A32 /* CDVWKWebViewEngine.m */; };
		CC172B52958B4CA49EBDD282 /* CDVInAppBrowserNavigationController.m in Sources */ = {isa = PBXBuildFile; fileRef = F5B4B55CDFED452FBF587935 /* CDVInAppBrowserNavigationController.m */; };
		CD67363DF79146ACA0D18156 /* AudioToolbox.framework in Frameworks */ = {isa = PBXBuildFile; fileRef = 735512BF4FA94CCF94615490 /* AudioToolbox.framework */; settings = {ATTRIBUTES = (Weak, ); }; };
		D32DE77ED7BB45C58EAE2091 /* SDNetworkActivityIndicator.m in Sources */ = {isa = PBXBuildFile; fileRef = 5E784A80503642EB85F34A57 /* SDNetworkActivityIndicator.m */; };
		D6EC3D3E5140413EA8B57B1A /* CDVAssetLibraryFilesystem.m in Sources */ = {isa = PBXBuildFile; fileRef = 2E617CD97EB04989BB8A2415 /* CDVAssetLibraryFilesystem.m */; };
		EA1F64F4ECCC4F16B96F84E5 /* CDVDevice.m in Sources */ = {isa = PBXBuildFile; fileRef = A34FA77ED2224E4C8871888A /* CDVDevice.m */; };
		EAC4BA4E2E5F435EBE0C47DC /* CDVLocalFilesystem.m in Sources */ = {isa = PBXBuildFile; fileRef = 9A58F9137575478AB44AB04B /* CDVLocalFilesystem.m */; };
		F136AE93F03A44FAB2BE223D /* CDVNotification.m in Sources */ = {isa = PBXBuildFile; fileRef = 5CBCE13FD8814B2F8EB80131 /* CDVNotification.m */; };
		F55CB17FD4024C419E9D91D5 /* TextRequestSerializer.m in Sources */ = {isa = PBXBuildFile; fileRef = 9793110F5D5E4F3F9FA7E828 /* TextRequestSerializer.m */; };
/* End PBXBuildFile section */

/* Begin PBXContainerItemProxy section */
		301BF534109A57CC0062928A /* PBXContainerItemProxy */ = {
			isa = PBXContainerItemProxy;
			containerPortal = 301BF52D109A57CC0062928A /* CordovaLib.xcodeproj */;
			proxyType = 2;
			remoteGlobalIDString = D2AAC07E0554694100DB518D;
			remoteInfo = CordovaLib;
		};
		301BF550109A68C00062928A /* PBXContainerItemProxy */ = {
			isa = PBXContainerItemProxy;
			containerPortal = 301BF52D109A57CC0062928A /* CordovaLib.xcodeproj */;
			proxyType = 1;
			remoteGlobalIDString = D2AAC07D0554694100DB518D;
			remoteInfo = CordovaLib;
		};
		907D8123214C687600058A10 /* PBXContainerItemProxy */ = {
			isa = PBXContainerItemProxy;
			containerPortal = 301BF52D109A57CC0062928A /* CordovaLib.xcodeproj */;
			proxyType = 2;
			remoteGlobalIDString = C0C01EB21E3911D50056E6CB;
			remoteInfo = Cordova;
		};
/* End PBXContainerItemProxy section */

/* Begin PBXFileReference section */
		0207DA571B56EA530066E2B4 /* Images.xcassets */ = {isa = PBXFileReference; lastKnownFileType = folder.assetcatalog; name = Images.xcassets; path = MyApp/Images.xcassets; sourceTree = SOURCE_ROOT; };
		09609E7E6191463EB2B89C96 /* SM_AFURLSessionManager.m */ = {isa = PBXFileReference; explicitFileType = undefined; fileEncoding = 4; includeInIndex = 0; lastKnownFileType = sourcecode.c.objc; name = SM_AFURLSessionManager.m; path = "cordova-plugin-advanced-http/SM_AFURLSessionManager.m"; sourceTree = "<group>"; };
		0F0F5E9F9B764DDC9D61C82F /* CDVWKInAppBrowser.h */ = {isa = PBXFileReference; explicitFileType = undefined; fileEncoding = 4; includeInIndex = 0; lastKnownFileType = sourcecode.c.h; name = CDVWKInAppBrowser.h; path = "cordova-plugin-inappbrowser/CDVWKInAppBrowser.h"; sourceTree = "<group>"; };
		0F39CD515D7D4F4FB1D1806D /* BinaryResponseSerializer.h */ = {isa = PBXFileReference; explicitFileType = undefined; fileEncoding = 4; includeInIndex = 0; lastKnownFileType = sourcecode.c.h; name = BinaryResponseSerializer.h; path = "cordova-plugin-advanced-http/BinaryResponseSerializer.h"; sourceTree = "<group>"; };
		1030D83301134574A35222B5 /* UIImage+CropScaleOrientation.h */ = {isa = PBXFileReference; explicitFileType = undefined; fileEncoding = 4; includeInIndex = 0; lastKnownFileType = sourcecode.c.h; name = "UIImage+CropScaleOrientation.h"; path = "cordova-plugin-camera/UIImage+CropScaleOrientation.h"; sourceTree = "<group>"; };
		191291D1E468418FBC3A7C41 /* CDVViewController+SplashScreen.h */ = {isa = PBXFileReference; explicitFileType = undefined; fileEncoding = 4; includeInIndex = 0; lastKnownFileType = sourcecode.c.h; name = "CDVViewController+SplashScreen.h"; path = "cordova-plugin-splashscreen/CDVViewController+SplashScreen.h"; sourceTree = "<group>"; };
		1D3623240D0F684500981E51 /* AppDelegate.h */ = {isa = PBXFileReference; fileEncoding = 4; lastKnownFileType = sourcecode.c.h; path = AppDelegate.h; sourceTree = "<group>"; };
		1D3623250D0F684500981E51 /* AppDelegate.m */ = {isa = PBXFileReference; fileEncoding = 4; lastKnownFileType = sourcecode.c.objc; path = AppDelegate.m; sourceTree = "<group>"; };
		1D6058910D05DD3D006BFB54 /* MyApp.app */ = {isa = PBXFileReference; explicitFileType = wrapper.application; includeInIndex = 0; path = MyApp.app; sourceTree = BUILT_PRODUCTS_DIR; };
		1E7378AD29144814941CB999 /* CDVGlobalization.h */ = {isa = PBXFileReference; explicitFileType = undefined; fileEncoding = 4; includeInIndex = 0; lastKnownFileType = sourcecode.c.h; name = CDVGlobalization.h; path = "cordova-plugin-globalization/CDVGlobalization.h"; sourceTree = "<group>"; };
		1FF0F114EA9F4AACB832A605 /* SM_AFHTTPSessionManager.h */ = {isa = PBXFileReference; explicitFileType = undefined; fileEncoding = 4; includeInIndex = 0; lastKnownFileType = sourcecode.c.h; name = SM_AFHTTPSessionManager.h; path = "cordova-plugin-advanced-http/SM_AFHTTPSessionManager.h"; sourceTree = "<group>"; };
		29B97316FDCFA39411CA2CEA /* main.m */ = {isa = PBXFileReference; fileEncoding = 4; lastKnownFileType = sourcecode.c.objc; path = main.m; sourceTree = "<group>"; };
		2BDF294A63974EFFA750C5D7 /* NativeGeocoder.swift */ = {isa = PBXFileReference; explicitFileType = undefined; fileEncoding = 4; includeInIndex = 0; lastKnownFileType = sourcecode.swift; name = NativeGeocoder.swift; path = "cordova-plugin-nativegeocoder/NativeGeocoder.swift"; sourceTree = "<group>"; };
		2D113EBD2A654E28BF39D1E9 /* IONAssetHandler.m */ = {isa = PBXFileReference; explicitFileType = undefined; fileEncoding = 4; includeInIndex = 0; lastKnownFileType = sourcecode.c.objc; name = IONAssetHandler.m; path = "cordova-plugin-ionic-webview/IONAssetHandler.m"; sourceTree = "<group>"; };
		2D1D9EB8ECB548378DD1FACA /* CDVWKProcessPoolFactory.h */ = {isa = PBXFileReference; explicitFileType = undefined; fileEncoding = 4; includeInIndex = 0; lastKnownFileType = sourcecode.c.h; name = CDVWKProcessPoolFactory.h; path = "cordova-plugin-ionic-webview/CDVWKProcessPoolFactory.h"; sourceTree = "<group>"; };
		2E617CD97EB04989BB8A2415 /* CDVAssetLibraryFilesystem.m */ = {isa = PBXFileReference; explicitFileType = undefined; fileEncoding = 4; includeInIndex = 0; lastKnownFileType = sourcecode.c.objc; name = CDVAssetLibraryFilesystem.m; path = "cordova-plugin-file/CDVAssetLibraryFilesystem.m"; sourceTree = "<group>"; };
		2FD46847DAC4431CB4C3B25F /* CDVCamera.h */ = {isa = PBXFileReference; explicitFileType = undefined; fileEncoding = 4; includeInIndex = 0; lastKnownFileType = sourcecode.c.h; name = CDVCamera.h; path = "cordova-plugin-camera/CDVCamera.h"; sourceTree = "<group>"; };
		301BF52D109A57CC0062928A /* CordovaLib.xcodeproj */ = {isa = PBXFileReference; lastKnownFileType = "wrapper.pb-project"; name = CordovaLib.xcodeproj; path = CordovaLib/CordovaLib.xcodeproj; sourceTree = "<group>"; };
		301BF56E109A69640062928A /* www */ = {isa = PBXFileReference; lastKnownFileType = folder; path = www; sourceTree = SOURCE_ROOT; };
		302D95EE14D2391D003F00A1 /* MainViewController.h */ = {isa = PBXFileReference; fileEncoding = 4; lastKnownFileType = sourcecode.c.h; path = MainViewController.h; sourceTree = "<group>"; };
		302D95EF14D2391D003F00A1 /* MainViewController.m */ = {isa = PBXFileReference; fileEncoding = 4; lastKnownFileType = sourcecode.c.objc; path = MainViewController.m; sourceTree = "<group>"; };
		302D95F014D2391D003F00A1 /* MainViewController.xib */ = {isa = PBXFileReference; fileEncoding = 4; lastKnownFileType = file.xib; path = MainViewController.xib; sourceTree = "<group>"; };
		3047A50F1AB8059700498E2A /* build-debug.xcconfig */ = {isa = PBXFileReference; fileEncoding = 4; lastKnownFileType = text.xcconfig; name = "build-debug.xcconfig"; path = "cordova/build-debug.xcconfig"; sourceTree = SOURCE_ROOT; };
		3047A5101AB8059700498E2A /* build-release.xcconfig */ = {isa = PBXFileReference; fileEncoding = 4; lastKnownFileType = text.xcconfig; name = "build-release.xcconfig"; path = "cordova/build-release.xcconfig"; sourceTree = SOURCE_ROOT; };
		3047A5111AB8059700498E2A /* build.xcconfig */ = {isa = PBXFileReference; fileEncoding = 4; lastKnownFileType = text.xcconfig; name = build.xcconfig; path = cordova/build.xcconfig; sourceTree = SOURCE_ROOT; };
		32CA4F630368D1EE00C91783 /* MyApp-Prefix.pch */ = {isa = PBXFileReference; fileEncoding = 4; lastKnownFileType = sourcecode.c.h; path = "MyApp-Prefix.pch"; sourceTree = "<group>"; };
		3FE6C7B647954AA0AE8D28BB /* CDVAssetLibraryFilesystem.h */ = {isa = PBXFileReference; explicitFileType = undefined; fileEncoding = 4; includeInIndex = 0; lastKnownFileType = sourcecode.c.h; name = CDVAssetLibraryFilesystem.h; path = "cordova-plugin-file/CDVAssetLibraryFilesystem.h"; sourceTree = "<group>"; };
		4577A35816E142B2B03ACE99 /* CDVGlobalization.m */ = {isa = PBXFileReference; explicitFileType = undefined; fileEncoding = 4; includeInIndex = 0; lastKnownFileType = sourcecode.c.objc; name = CDVGlobalization.m; path = "cordova-plugin-globalization/CDVGlobalization.m"; sourceTree = "<group>"; };
		4AAC8E63869E460FBCBAAF8C /* Security.framework */ = {isa = PBXFileReference; explicitFileType = undefined; fileEncoding = 9; includeInIndex = 0; lastKnownFileType = wrapper.framework; name = Security.framework; path = System/Library/Frameworks/Security.framework; sourceTree = SDKROOT; };
		51AFF9003CDA4D5E9F5951D3 /* SM_AFSecurityPolicy.m */ = {isa = PBXFileReference; explicitFileType = undefined; fileEncoding = 4; includeInIndex = 0; lastKnownFileType = sourcecode.c.objc; name = SM_AFSecurityPolicy.m; path = "cordova-plugin-advanced-http/SM_AFSecurityPolicy.m"; sourceTree = "<group>"; };
		54A9DFFA103845EFBA431E26 /* SDNetworkActivityIndicator.h */ = {isa = PBXFileReference; explicitFileType = undefined; fileEncoding = 4; includeInIndex = 0; lastKnownFileType = sourcecode.c.h; name = SDNetworkActivityIndicator.h; path = "cordova-plugin-advanced-http/SDNetworkActivityIndicator.h"; sourceTree = "<group>"; };
		57646E0770EF4B639AFED59D /* SystemConfiguration.framework */ = {isa = PBXFileReference; explicitFileType = undefined; fileEncoding = 9; includeInIndex = 0; lastKnownFileType = wrapper.framework; name = SystemConfiguration.framework; path = System/Library/Frameworks/SystemConfiguration.framework; sourceTree = SDKROOT; };
		58EE2FCD0D3C488EB475165E /* CDVDevice.h */ = {isa = PBXFileReference; explicitFileType = undefined; fileEncoding = 4; includeInIndex = 0; lastKnownFileType = sourcecode.c.h; name = CDVDevice.h; path = "cordova-plugin-device/CDVDevice.h"; sourceTree = "<group>"; };
		5A35DACC71E44E09AB2E6A77 /* SM_AFURLRequestSerialization.h */ = {isa = PBXFileReference; explicitFileType = undefined; fileEncoding = 4; includeInIndex = 0; lastKnownFileType = sourcecode.c.h; name = SM_AFURLRequestSerialization.h; path = "cordova-plugin-advanced-http/SM_AFURLRequestSerialization.h"; sourceTree = "<group>"; };
		5B15D7B776A745B9AB43F365 /* CDVWKWebViewUIDelegate.m */ = {isa = PBXFileReference; explicitFileType = undefined; fileEncoding = 4; includeInIndex = 0; lastKnownFileType = sourcecode.c.objc; name = CDVWKWebViewUIDelegate.m; path = "cordova-plugin-ionic-webview/CDVWKWebViewUIDelegate.m"; sourceTree = "<group>"; };
		5CBCE13FD8814B2F8EB80131 /* CDVNotification.m */ = {isa = PBXFileReference; explicitFileType = undefined; fileEncoding = 4; includeInIndex = 0; lastKnownFileType = sourcecode.c.objc; name = CDVNotification.m; path = "cordova-plugin-dialogs/CDVNotification.m"; sourceTree = "<group>"; };
		5E784A80503642EB85F34A57 /* SDNetworkActivityIndicator.m */ = {isa = PBXFileReference; explicitFileType = undefined; fileEncoding = 4; includeInIndex = 0; lastKnownFileType = sourcecode.c.objc; name = SDNetworkActivityIndicator.m; path = "cordova-plugin-advanced-http/SDNetworkActivityIndicator.m"; sourceTree = "<group>"; };
		604AFDB292DE4431952721EE /* TextResponseSerializer.h */ = {isa = PBXFileReference; explicitFileType = undefined; fileEncoding = 4; includeInIndex = 0; lastKnownFileType = sourcecode.c.h; name = TextResponseSerializer.h; path = "cordova-plugin-advanced-http/TextResponseSerializer.h"; sourceTree = "<group>"; };
		63102593579F40638F2D3610 /* NativeStorage.m */ = {isa = PBXFileReference; explicitFileType = undefined; fileEncoding = 4; includeInIndex = 0; lastKnownFileType = sourcecode.c.objc; name = NativeStorage.m; path = "cordova-plugin-nativestorage/NativeStorage.m"; sourceTree = "<group>"; };
		6AFF5BF81D6E424B00AB3073 /* CDVLaunchScreen.storyboard */ = {isa = PBXFileReference; fileEncoding = 4; lastKnownFileType = file.storyboard; name = CDVLaunchScreen.storyboard; path = MyApp/CDVLaunchScreen.storyboard; sourceTree = SOURCE_ROOT; };
		6D31EA5D86564CC3937DF0D6 /* CDVViewController+SplashScreen.m */ = {isa = PBXFileReference; explicitFileType = undefined; fileEncoding = 4; includeInIndex = 0; lastKnownFileType = sourcecode.c.objc; name = "CDVViewController+SplashScreen.m"; path = "cordova-plugin-splashscreen/CDVViewController+SplashScreen.m"; sourceTree = "<group>"; };
		735512BF4FA94CCF94615490 /* AudioToolbox.framework */ = {isa = PBXFileReference; explicitFileType = undefined; fileEncoding = 9; includeInIndex = 0; lastKnownFileType = wrapper.framework; name = AudioToolbox.framework; path = System/Library/Frameworks/AudioToolbox.framework; sourceTree = SDKROOT; };
		74AD153973584803BA9B43D2 /* CDVLocation.h */ = {isa = PBXFileReference; explicitFileType = undefined; fileEncoding = 4; includeInIndex = 0; lastKnownFileType = sourcecode.c.h; name = CDVLocation.h; path = "cordova-plugin-geolocation/CDVLocation.h"; sourceTree = "<group>"; };
		79EFF547B84A4118AD43F8D0 /* CordovaHttpPlugin.m */ = {isa = PBXFileReference; explicitFileType = undefined; fileEncoding = 4; includeInIndex = 0; lastKnownFileType = sourcecode.c.objc; name = CordovaHttpPlugin.m; path = "cordova-plugin-advanced-http/CordovaHttpPlugin.m"; sourceTree = "<group>"; };
		7A80B57E556A4B41878116C3 /* CDVNotification.h */ = {isa = PBXFileReference; explicitFileType = undefined; fileEncoding = 4; includeInIndex = 0; lastKnownFileType = sourcecode.c.h; name = CDVNotification.h; path = "cordova-plugin-dialogs/CDVNotification.h"; sourceTree = "<group>"; };
		7AD7CDE3A79F4BEF8CA2A3C7 /* NativeGeocoder-Bridging-Header.h */ = {isa = PBXFileReference; explicitFileType = undefined; fileEncoding = 4; includeInIndex = 0; lastKnownFileType = sourcecode.c.h; name = "NativeGeocoder-Bridging-Header.h"; path = "cordova-plugin-nativegeocoder/NativeGeocoder-Bridging-Header.h"; sourceTree = "<group>"; };
		812A10F23F3F4628BDE0BB70 /* TextRequestSerializer.h */ = {isa = PBXFileReference; explicitFileType = undefined; fileEncoding = 4; includeInIndex = 0; lastKnownFileType = sourcecode.c.h; name = TextRequestSerializer.h; path = "cordova-plugin-advanced-http/TextRequestSerializer.h"; sourceTree = "<group>"; };
		819832B439564882B8C66EFF /* CDVWKWebViewUIDelegate.h */ = {isa = PBXFileReference; explicitFileType = undefined; fileEncoding = 4; includeInIndex = 0; lastKnownFileType = sourcecode.c.h; name = CDVWKWebViewUIDelegate.h; path = "cordova-plugin-ionic-webview/CDVWKWebViewUIDelegate.h"; sourceTree = "<group>"; };
		822BEE40515244FA9B29B790 /* CDVWKProcessPoolFactory.m */ = {isa = PBXFileReference; explicitFileType = undefined; fileEncoding = 4; includeInIndex = 0; lastKnownFileType = sourcecode.c.objc; name = CDVWKProcessPoolFactory.m; path = "cordova-plugin-ionic-webview/CDVWKProcessPoolFactory.m"; sourceTree = "<group>"; };
		850D61898F1B4796B620D63F /* BinaryResponseSerializer.m */ = {isa = PBXFileReference; explicitFileType = undefined; fileEncoding = 4; includeInIndex = 0; lastKnownFileType = sourcecode.c.objc; name = BinaryResponseSerializer.m; path = "cordova-plugin-advanced-http/BinaryResponseSerializer.m"; sourceTree = "<group>"; };
		8D1107310486CEB800E47090 /* MyApp-Info.plist */ = {isa = PBXFileReference; fileEncoding = 4; lastKnownFileType = text.plist.xml; name = "MyApp-Info.plist"; path = "MyApp/MyApp-Info.plist"; plistStructureDefinitionIdentifier = "com.apple.xcode.plist.structure-definition.iphone.info-plist"; sourceTree = SOURCE_ROOT; };
		8D9A5D137DDB42118F4CAE7E /* UserAgent.m */ = {isa = PBXFileReference; explicitFileType = undefined; fileEncoding = 4; includeInIndex = 0; lastKnownFileType = sourcecode.c.objc; name = UserAgent.m; path = im.ltdev.cordova.UserAgent/UserAgent.m; sourceTree = "<group>"; };
		906A0D103D034398A5526B40 /* UserAgent.h */ = {isa = PBXFileReference; explicitFileType = undefined; fileEncoding = 4; includeInIndex = 0; lastKnownFileType = sourcecode.c.h; name = UserAgent.h; path = im.ltdev.cordova.UserAgent/UserAgent.h; sourceTree = "<group>"; };
		918D2714AE874F4A84982E00 /* CDVIonicKeyboard.m */ = {isa = PBXFileReference; explicitFileType = undefined; fileEncoding = 4; includeInIndex = 0; lastKnownFileType = sourcecode.c.objc; name = CDVIonicKeyboard.m; path = "cordova-plugin-ionic-keyboard/CDVIonicKeyboard.m"; sourceTree = "<group>"; };
		9793110F5D5E4F3F9FA7E828 /* TextRequestSerializer.m */ = {isa = PBXFileReference; explicitFileType = undefined; fileEncoding = 4; includeInIndex = 0; lastKnownFileType = sourcecode.c.objc; name = TextRequestSerializer.m; path = "cordova-plugin-advanced-http/TextRequestSerializer.m"; sourceTree = "<group>"; };
		97FB49B82C454C03B4E4D801 /* WebKit.framework */ = {isa = PBXFileReference; explicitFileType = undefined; fileEncoding = 9; includeInIndex = 0; lastKnownFileType = wrapper.framework; name = WebKit.framework; path = System/Library/Frameworks/WebKit.framework; sourceTree = SDKROOT; };
		99EE110BC91B4A2BBEFA2044 /* BinaryRequestSerializer.h */ = {isa = PBXFileReference; explicitFileType = undefined; fileEncoding = 4; includeInIndex = 0; lastKnownFileType = sourcecode.c.h; name = BinaryRequestSerializer.h; path = "cordova-plugin-advanced-http/BinaryRequestSerializer.h"; sourceTree = "<group>"; };
		9A1082E0DCB3433DAC572233 /* CDVNotification.bundle */ = {isa = PBXFileReference; explicitFileType = undefined; fileEncoding = 9; includeInIndex = 0; lastKnownFileType = "wrapper.plug-in"; path = CDVNotification.bundle; sourceTree = "<group>"; };
		9A58F9137575478AB44AB04B /* CDVLocalFilesystem.m */ = {isa = PBXFileReference; explicitFileType = undefined; fileEncoding = 4; includeInIndex = 0; lastKnownFileType = sourcecode.c.objc; name = CDVLocalFilesystem.m; path = "cordova-plugin-file/CDVLocalFilesystem.m"; sourceTree = "<group>"; };
		9ED0CC27EFB941369CA90A32 /* CDVWKWebViewEngine.m */ = {isa = PBXFileReference; explicitFileType = undefined; fileEncoding = 4; includeInIndex = 0; lastKnownFileType = sourcecode.c.objc; name = CDVWKWebViewEngine.m; path = "cordova-plugin-ionic-webview/CDVWKWebViewEngine.m"; sourceTree = "<group>"; };
		A18AF5DF17274880BAEE9637 /* CDVFile.h */ = {isa = PBXFileReference; explicitFileType = undefined; fileEncoding = 4; includeInIndex = 0; lastKnownFileType = sourcecode.c.h; name = CDVFile.h; path = "cordova-plugin-file/CDVFile.h"; sourceTree = "<group>"; };
		A34FA77ED2224E4C8871888A /* CDVDevice.m */ = {isa = PBXFileReference; explicitFileType = undefined; fileEncoding = 4; includeInIndex = 0; lastKnownFileType = sourcecode.c.objc; name = CDVDevice.m; path = "cordova-plugin-device/CDVDevice.m"; sourceTree = "<group>"; };
		A3BBCC3C5BC04E5AA1E3D596 /* CoreLocation.framework */ = {isa = PBXFileReference; explicitFileType = undefined; fileEncoding = 9; includeInIndex = 0; lastKnownFileType = wrapper.framework; name = CoreLocation.framework; path = System/Library/Frameworks/CoreLocation.framework; sourceTree = SDKROOT; };
		A4A178EFBD8A424186698508 /* CDVStatusBar.m */ = {isa = PBXFileReference; explicitFileType = undefined; fileEncoding = 4; includeInIndex = 0; lastKnownFileType = sourcecode.c.objc; name = CDVStatusBar.m; path = "cordova-plugin-statusbar/CDVStatusBar.m"; sourceTree = "<group>"; };
		A80E2B93472A400F8217844D /* CDVCamera.m */ = {isa = PBXFileReference; explicitFileType = undefined; fileEncoding = 4; includeInIndex = 0; lastKnownFileType = sourcecode.c.objc; name = CDVCamera.m; path = "cordova-plugin-camera/CDVCamera.m"; sourceTree = "<group>"; };
		ADA9B8A80B344784A1736825 /* BinaryRequestSerializer.m */ = {isa = PBXFileReference; explicitFileType = undefined; fileEncoding = 4; includeInIndex = 0; lastKnownFileType = sourcecode.c.objc; name = BinaryRequestSerializer.m; path = "cordova-plugin-advanced-http/BinaryRequestSerializer.m"; sourceTree = "<group>"; };
		AE588952B2D74B90913D6326 /* ImageIO.framework */ = {isa = PBXFileReference; explicitFileType = undefined; fileEncoding = 9; includeInIndex = 0; lastKnownFileType = wrapper.framework; name = ImageIO.framework; path = System/Library/Frameworks/ImageIO.framework; sourceTree = SDKROOT; };
		B19ED95A8CA64498A1B40D2B /* TextResponseSerializer.m */ = {isa = PBXFileReference; explicitFileType = undefined; fileEncoding = 4; includeInIndex = 0; lastKnownFileType = sourcecode.c.objc; name = TextResponseSerializer.m; path = "cordova-plugin-advanced-http/TextResponseSerializer.m"; sourceTree = "<group>"; };
		B3E9A0E8653F4D5A8D7F62C1 /* AVFoundation.framework */ = {isa = PBXFileReference; explicitFileType = undefined; fileEncoding = 9; includeInIndex = 0; lastKnownFileType = wrapper.framework; name = AVFoundation.framework; path = System/Library/Frameworks/AVFoundation.framework; sourceTree = SDKROOT; };
		B5B23DAA4F504F5EB7AD68DC /* CDVStatusBar.h */ = {isa = PBXFileReference; explicitFileType = undefined; fileEncoding = 4; includeInIndex = 0; lastKnownFileType = sourcecode.c.h; name = CDVStatusBar.h; path = "cordova-plugin-statusbar/CDVStatusBar.h"; sourceTree = "<group>"; };
		B68F46D74B6D4BCAA28E9CF7 /* SM_AFHTTPSessionManager.m */ = {isa = PBXFileReference; explicitFileType = undefined; fileEncoding = 4; includeInIndex = 0; lastKnownFileType = sourcecode.c.objc; name = SM_AFHTTPSessionManager.m; path = "cordova-plugin-advanced-http/SM_AFHTTPSessionManager.m"; sourceTree = "<group>"; };
		BAF38A56013D4491AC00D9A4 /* SM_AFURLResponseSerialization.h */ = {isa = PBXFileReference; explicitFileType = undefined; fileEncoding = 4; includeInIndex = 0; lastKnownFileType = sourcecode.c.h; name = SM_AFURLResponseSerialization.h; path = "cordova-plugin-advanced-http/SM_AFURLResponseSerialization.h"; sourceTree = "<group>"; };
		BFF08C6FA4584E8196F008F8 /* CDVExif.h */ = {isa = PBXFileReference; explicitFileType = undefined; fileEncoding = 4; includeInIndex = 0; lastKnownFileType = sourcecode.c.h; name = CDVExif.h; path = "cordova-plugin-camera/CDVExif.h"; sourceTree = "<group>"; };
		C2662438F9D8497B83E12ADC /* SM_AFURLResponseSerialization.m */ = {isa = PBXFileReference; explicitFileType = undefined; fileEncoding = 4; includeInIndex = 0; lastKnownFileType = sourcecode.c.objc; name = SM_AFURLResponseSerialization.m; path = "cordova-plugin-advanced-http/SM_AFURLResponseSerialization.m"; sourceTree = "<group>"; };
		C4D6A5E1D32C47E884BCC7F8 /* CDVWKInAppBrowserUIDelegate.m */ = {isa = PBXFileReference; explicitFileType = undefined; fileEncoding = 4; includeInIndex = 0; lastKnownFileType = sourcecode.c.objc; name = CDVWKInAppBrowserUIDelegate.m; path = "cordova-plugin-inappbrowser/CDVWKInAppBrowserUIDelegate.m"; sourceTree = "<group>"; };
		C8EC803300F44DE897C24428 /* CDVFile.m */ = {isa = PBXFileReference; explicitFileType = undefined; fileEncoding = 4; includeInIndex = 0; lastKnownFileType = sourcecode.c.objc; name = CDVFile.m; path = "cordova-plugin-file/CDVFile.m"; sourceTree = "<group>"; };
		CA76F238CE854E3BAFAB7894 /* CordovaHttpPlugin.h */ = {isa = PBXFileReference; explicitFileType = undefined; fileEncoding = 4; includeInIndex = 0; lastKnownFileType = sourcecode.c.h; name = CordovaHttpPlugin.h; path = "cordova-plugin-advanced-http/CordovaHttpPlugin.h"; sourceTree = "<group>"; };
		D045B9929BC64043B4AB0473 /* CDVWKInAppBrowserUIDelegate.h */ = {isa = PBXFileReference; explicitFileType = undefined; fileEncoding = 4; includeInIndex = 0; lastKnownFileType = sourcecode.c.h; name = CDVWKInAppBrowserUIDelegate.h; path = "cordova-plugin-inappbrowser/CDVWKInAppBrowserUIDelegate.h"; sourceTree = "<group>"; };
		D46548608B8340B7B5320207 /* CDVLocation.m */ = {isa = PBXFileReference; explicitFileType = undefined; fileEncoding = 4; includeInIndex = 0; lastKnownFileType = sourcecode.c.objc; name = CDVLocation.m; path = "cordova-plugin-geolocation/CDVLocation.m"; sourceTree = "<group>"; };
		D704DF43498F4B5D804213AB /* CDVInAppBrowserOptions.h */ = {isa = PBXFileReference; explicitFileType = undefined; fileEncoding = 4; includeInIndex = 0; lastKnownFileType = sourcecode.c.h; name = CDVInAppBrowserOptions.h; path = "cordova-plugin-inappbrowser/CDVInAppBrowserOptions.h"; sourceTree = "<group>"; };
		DC5EE233DE8346A48B3F9D50 /* IONAssetHandler.h */ = {isa = PBXFileReference; explicitFileType = undefined; fileEncoding = 4; includeInIndex = 0; lastKnownFileType = sourcecode.c.h; name = IONAssetHandler.h; path = "cordova-plugin-ionic-webview/IONAssetHandler.h"; sourceTree = "<group>"; };
		DC6A8CAAC56A4559BE07157D /* SM_AFNetworkReachabilityManager.m */ = {isa = PBXFileReference; explicitFileType = undefined; fileEncoding = 4; includeInIndex = 0; lastKnownFileType = sourcecode.c.objc; name = SM_AFNetworkReachabilityManager.m; path = "cordova-plugin-advanced-http/SM_AFNetworkReachabilityManager.m"; sourceTree = "<group>"; };
		E0E839C5B69D449D874C0775 /* CDVInAppBrowserOptions.m */ = {isa = PBXFileReference; explicitFileType = undefined; fileEncoding = 4; includeInIndex = 0; lastKnownFileType = sourcecode.c.objc; name = CDVInAppBrowserOptions.m; path = "cordova-plugin-inappbrowser/CDVInAppBrowserOptions.m"; sourceTree = "<group>"; };
		E1397E78CDEE48368B37F70C /* CDVSplashScreen.h */ = {isa = PBXFileReference; explicitFileType = undefined; fileEncoding = 4; includeInIndex = 0; lastKnownFileType = sourcecode.c.h; name = CDVSplashScreen.h; path = "cordova-plugin-splashscreen/CDVSplashScreen.h"; sourceTree = "<group>"; };
		E184521B34DE46499A953215 /* CDVInAppBrowserNavigationController.h */ = {isa = PBXFileReference; explicitFileType = undefined; fileEncoding = 4; includeInIndex = 0; lastKnownFileType = sourcecode.c.h; name = CDVInAppBrowserNavigationController.h; path = "cordova-plugin-inappbrowser/CDVInAppBrowserNavigationController.h"; sourceTree = "<group>"; };
		E74C28AC27914B51A72C9988 /* CDVWKWebViewEngine.h */ = {isa = PBXFileReference; explicitFileType = undefined; fileEncoding = 4; includeInIndex = 0; lastKnownFileType = sourcecode.c.h; name = CDVWKWebViewEngine.h; path = "cordova-plugin-ionic-webview/CDVWKWebViewEngine.h"; sourceTree = "<group>"; };
		EB4F74F6FAEC479BB40C83D5 /* SM_AFNetworking.h */ = {isa = PBXFileReference; explicitFileType = undefined; fileEncoding = 4; includeInIndex = 0; lastKnownFileType = sourcecode.c.h; name = SM_AFNetworking.h; path = "cordova-plugin-advanced-http/SM_AFNetworking.h"; sourceTree = "<group>"; };
		EB87FDF31871DA8E0020F90C /* www */ = {isa = PBXFileReference; lastKnownFileType = folder; name = www; path = ../../www; sourceTree = "<group>"; };
		EB87FDF41871DAF40020F90C /* config.xml */ = {isa = PBXFileReference; lastKnownFileType = text.xml; name = config.xml; path = ../../config.xml; sourceTree = "<group>"; };
		EBD12A2037FC42B89890C6B6 /* NativeStorage.h */ = {isa = PBXFileReference; explicitFileType = undefined; fileEncoding = 4; includeInIndex = 0; lastKnownFileType = sourcecode.c.h; name = NativeStorage.h; path = "cordova-plugin-nativestorage/NativeStorage.h"; sourceTree = "<group>"; };
		ED33DF2A687741AEAF9F8254 /* Bridging-Header.h */ = {isa = PBXFileReference; fileEncoding = 4; lastKnownFileType = sourcecode.c.h; path = "Bridging-Header.h"; sourceTree = "<group>"; };
		EFB4A1566C7140059B44F5ED /* CDVWKInAppBrowser.m */ = {isa = PBXFileReference; explicitFileType = undefined; fileEncoding = 4; includeInIndex = 0; lastKnownFileType = sourcecode.c.objc; name = CDVWKInAppBrowser.m; path = "cordova-plugin-inappbrowser/CDVWKInAppBrowser.m"; sourceTree = "<group>"; };
		F015EED71F3F4D75AB9D2ADD /* SM_AFNetworkReachabilityManager.h */ = {isa = PBXFileReference; explicitFileType = undefined; fileEncoding = 4; includeInIndex = 0; lastKnownFileType = sourcecode.c.h; name = SM_AFNetworkReachabilityManager.h; path = "cordova-plugin-advanced-http/SM_AFNetworkReachabilityManager.h"; sourceTree = "<group>"; };
		F078A130D2C44D42AEE12DFD /* CDVLocalFilesystem.h */ = {isa = PBXFileReference; explicitFileType = undefined; fileEncoding = 4; includeInIndex = 0; lastKnownFileType = sourcecode.c.h; name = CDVLocalFilesystem.h; path = "cordova-plugin-file/CDVLocalFilesystem.h"; sourceTree = "<group>"; };
		F0E0C5BC7DA44E47B13F0399 /* SM_AFSecurityPolicy.h */ = {isa = PBXFileReference; explicitFileType = undefined; fileEncoding = 4; includeInIndex = 0; lastKnownFileType = sourcecode.c.h; name = SM_AFSecurityPolicy.h; path = "cordova-plugin-advanced-http/SM_AFSecurityPolicy.h"; sourceTree = "<group>"; };
		F170A8AD83944ECBA541F89F /* CDVJpegHeaderWriter.h */ = {isa = PBXFileReference; explicitFileType = undefined; fileEncoding = 4; includeInIndex = 0; lastKnownFileType = sourcecode.c.h; name = CDVJpegHeaderWriter.h; path = "cordova-plugin-camera/CDVJpegHeaderWriter.h"; sourceTree = "<group>"; };
		F32BD4099E7A4E7CBE800C5B /* CDVSplashScreen.m */ = {isa = PBXFileReference; explicitFileType = undefined; fileEncoding = 4; includeInIndex = 0; lastKnownFileType = sourcecode.c.objc; name = CDVSplashScreen.m; path = "cordova-plugin-splashscreen/CDVSplashScreen.m"; sourceTree = "<group>"; };
		F5B4B55CDFED452FBF587935 /* CDVInAppBrowserNavigationController.m */ = {isa = PBXFileReference; explicitFileType = undefined; fileEncoding = 4; includeInIndex = 0; lastKnownFileType = sourcecode.c.objc; name = CDVInAppBrowserNavigationController.m; path = "cordova-plugin-inappbrowser/CDVInAppBrowserNavigationController.m"; sourceTree = "<group>"; };
		F6D8876548BE4F4381E09A34 /* SM_AFURLSessionManager.h */ = {isa = PBXFileReference; explicitFileType = undefined; fileEncoding = 4; includeInIndex = 0; lastKnownFileType = sourcecode.c.h; name = SM_AFURLSessionManager.h; path = "cordova-plugin-advanced-http/SM_AFURLSessionManager.h"; sourceTree = "<group>"; };
		F840E1F0165FE0F500CFE078 /* config.xml */ = {isa = PBXFileReference; lastKnownFileType = text.xml; name = config.xml; path = MyApp/config.xml; sourceTree = "<group>"; };
		FB293FB5125F4BACB53DBD9C /* SM_AFURLRequestSerialization.m */ = {isa = PBXFileReference; explicitFileType = undefined; fileEncoding = 4; includeInIndex = 0; lastKnownFileType = sourcecode.c.objc; name = SM_AFURLRequestSerialization.m; path = "cordova-plugin-advanced-http/SM_AFURLRequestSerialization.m"; sourceTree = "<group>"; };
		FC2CE4F6A4D84A7D95789981 /* CDVIonicKeyboard.h */ = {isa = PBXFileReference; explicitFileType = undefined; fileEncoding = 4; includeInIndex = 0; lastKnownFileType = sourcecode.c.h; name = CDVIonicKeyboard.h; path = "cordova-plugin-ionic-keyboard/CDVIonicKeyboard.h"; sourceTree = "<group>"; };
		FD78E3A0267B4424A7943D81 /* UIImage+CropScaleOrientation.m */ = {isa = PBXFileReference; explicitFileType = undefined; fileEncoding = 4; includeInIndex = 0; lastKnownFileType = sourcecode.c.objc; name = "UIImage+CropScaleOrientation.m"; path = "cordova-plugin-camera/UIImage+CropScaleOrientation.m"; sourceTree = "<group>"; };
		FDB657C9F45448F8A047030D /* CDVJpegHeaderWriter.m */ = {isa = PBXFileReference; explicitFileType = undefined; fileEncoding = 4; includeInIndex = 0; lastKnownFileType = sourcecode.c.objc; name = CDVJpegHeaderWriter.m; path = "cordova-plugin-camera/CDVJpegHeaderWriter.m"; sourceTree = "<group>"; };
/* End PBXFileReference section */

/* Begin PBXFrameworksBuildPhase section */
		1D60588F0D05DD3D006BFB54 /* Frameworks */ = {
			isa = PBXFrameworksBuildPhase;
			buildActionMask = 2147483647;
			files = (
				301BF552109A68D80062928A /* libCordova.a in Frameworks */,
				5C25C67755664AB48D6DFF4E /* Security.framework in Frameworks */,
				3A723B0F89384CB68F4D0C9E /* SystemConfiguration.framework in Frameworks */,
				6B0F41BE1ACB450FAD63516C /* ImageIO.framework in Frameworks */,
				8AF6D4E8295F4CFF85FFF9B2 /* CoreLocation.framework in Frameworks */,
				A00EC5AA43C04BB3AF4931DE /* AVFoundation.framework in Frameworks */,
				CD67363DF79146ACA0D18156 /* AudioToolbox.framework in Frameworks */,
				043708B92E444935AB0B6FDC /* WebKit.framework in Frameworks */,
			);
			runOnlyForDeploymentPostprocessing = 0;
		};
/* End PBXFrameworksBuildPhase section */

/* Begin PBXGroup section */
		080E96DDFE201D6D7F000001 /* Classes */ = {
			isa = PBXGroup;
			children = (
				302D95EE14D2391D003F00A1 /* MainViewController.h */,
				302D95EF14D2391D003F00A1 /* MainViewController.m */,
				302D95F014D2391D003F00A1 /* MainViewController.xib */,
				1D3623240D0F684500981E51 /* AppDelegate.h */,
				1D3623250D0F684500981E51 /* AppDelegate.m */,
			);
			name = Classes;
			path = MyApp/Classes;
			sourceTree = SOURCE_ROOT;
		};
		19C28FACFE9D520D11CA2CBB /* Products */ = {
			isa = PBXGroup;
			children = (
				1D6058910D05DD3D006BFB54 /* MyApp.app */,
			);
			name = Products;
			sourceTree = "<group>";
		};
		29B97314FDCFA39411CA2CEA /* CustomTemplate */ = {
			isa = PBXGroup;
			children = (
				EB87FDF41871DAF40020F90C /* config.xml */,
				EB87FDF31871DA8E0020F90C /* www */,
				EB87FDF11871DA420020F90C /* Staging */,
				301BF52D109A57CC0062928A /* CordovaLib.xcodeproj */,
				080E96DDFE201D6D7F000001 /* Classes */,
				307C750510C5A3420062BCA9 /* Plugins */,
				29B97315FDCFA39411CA2CEA /* Other Sources */,
				29B97317FDCFA39411CA2CEA /* Resources */,
				29B97323FDCFA39411CA2CEA /* Frameworks */,
				19C28FACFE9D520D11CA2CBB /* Products */,
			);
			name = CustomTemplate;
			sourceTree = "<group>";
		};
		29B97315FDCFA39411CA2CEA /* Other Sources */ = {
			isa = PBXGroup;
			children = (
				32CA4F630368D1EE00C91783 /* MyApp-Prefix.pch */,
				29B97316FDCFA39411CA2CEA /* main.m */,
				ED33DF2A687741AEAF9F8254 /* Bridging-Header.h */,
			);
			name = "Other Sources";
			path = MyApp;
			sourceTree = "<group>";
		};
		29B97317FDCFA39411CA2CEA /* Resources */ = {
			isa = PBXGroup;
			children = (
				0207DA571B56EA530066E2B4 /* Images.xcassets */,
				3047A50E1AB8057F00498E2A /* config */,
				8D1107310486CEB800E47090 /* MyApp-Info.plist */,
				6AFF5BF81D6E424B00AB3073 /* CDVLaunchScreen.storyboard */,
				9A1082E0DCB3433DAC572233 /* CDVNotification.bundle */,
			);
			name = Resources;
			path = MyApp/Resources;
			sourceTree = "<group>";
		};
		29B97323FDCFA39411CA2CEA /* Frameworks */ = {
			isa = PBXGroup;
			children = (
				4AAC8E63869E460FBCBAAF8C /* Security.framework */,
				57646E0770EF4B639AFED59D /* SystemConfiguration.framework */,
				AE588952B2D74B90913D6326 /* ImageIO.framework */,
				A3BBCC3C5BC04E5AA1E3D596 /* CoreLocation.framework */,
				B3E9A0E8653F4D5A8D7F62C1 /* AVFoundation.framework */,
				735512BF4FA94CCF94615490 /* AudioToolbox.framework */,
				97FB49B82C454C03B4E4D801 /* WebKit.framework */,
			);
			name = Frameworks;
			sourceTree = "<group>";
		};
		301BF52E109A57CC0062928A /* Products */ = {
			isa = PBXGroup;
			children = (
				301BF535109A57CC0062928A /* libCordova.a */,
				907D8124214C687600058A10 /* Cordova.framework */,
			);
			name = Products;
			sourceTree = "<group>";
		};
		3047A50E1AB8057F00498E2A /* config */ = {
			isa = PBXGroup;
			children = (
				3047A50F1AB8059700498E2A /* build-debug.xcconfig */,
				3047A5101AB8059700498E2A /* build-release.xcconfig */,
				3047A5111AB8059700498E2A /* build.xcconfig */,
			);
			name = config;
			sourceTree = "<group>";
		};
		307C750510C5A3420062BCA9 /* Plugins */ = {
			isa = PBXGroup;
			children = (
				C8EC803300F44DE897C24428 /* CDVFile.m */,
				9A58F9137575478AB44AB04B /* CDVLocalFilesystem.m */,
				2E617CD97EB04989BB8A2415 /* CDVAssetLibraryFilesystem.m */,
				A18AF5DF17274880BAEE9637 /* CDVFile.h */,
				F078A130D2C44D42AEE12DFD /* CDVLocalFilesystem.h */,
				3FE6C7B647954AA0AE8D28BB /* CDVAssetLibraryFilesystem.h */,
				79EFF547B84A4118AD43F8D0 /* CordovaHttpPlugin.m */,
				ADA9B8A80B344784A1736825 /* BinaryRequestSerializer.m */,
				850D61898F1B4796B620D63F /* BinaryResponseSerializer.m */,
				B19ED95A8CA64498A1B40D2B /* TextResponseSerializer.m */,
				9793110F5D5E4F3F9FA7E828 /* TextRequestSerializer.m */,
				B68F46D74B6D4BCAA28E9CF7 /* SM_AFHTTPSessionManager.m */,
				DC6A8CAAC56A4559BE07157D /* SM_AFNetworkReachabilityManager.m */,
				51AFF9003CDA4D5E9F5951D3 /* SM_AFSecurityPolicy.m */,
				FB293FB5125F4BACB53DBD9C /* SM_AFURLRequestSerialization.m */,
				C2662438F9D8497B83E12ADC /* SM_AFURLResponseSerialization.m */,
				09609E7E6191463EB2B89C96 /* SM_AFURLSessionManager.m */,
				5E784A80503642EB85F34A57 /* SDNetworkActivityIndicator.m */,
				CA76F238CE854E3BAFAB7894 /* CordovaHttpPlugin.h */,
				99EE110BC91B4A2BBEFA2044 /* BinaryRequestSerializer.h */,
				0F39CD515D7D4F4FB1D1806D /* BinaryResponseSerializer.h */,
				604AFDB292DE4431952721EE /* TextResponseSerializer.h */,
				812A10F23F3F4628BDE0BB70 /* TextRequestSerializer.h */,
				1FF0F114EA9F4AACB832A605 /* SM_AFHTTPSessionManager.h */,
				EB4F74F6FAEC479BB40C83D5 /* SM_AFNetworking.h */,
				F015EED71F3F4D75AB9D2ADD /* SM_AFNetworkReachabilityManager.h */,
				F0E0C5BC7DA44E47B13F0399 /* SM_AFSecurityPolicy.h */,
				5A35DACC71E44E09AB2E6A77 /* SM_AFURLRequestSerialization.h */,
				BAF38A56013D4491AC00D9A4 /* SM_AFURLResponseSerialization.h */,
				F6D8876548BE4F4381E09A34 /* SM_AFURLSessionManager.h */,
				54A9DFFA103845EFBA431E26 /* SDNetworkActivityIndicator.h */,
				FD78E3A0267B4424A7943D81 /* UIImage+CropScaleOrientation.m */,
				A80E2B93472A400F8217844D /* CDVCamera.m */,
				FDB657C9F45448F8A047030D /* CDVJpegHeaderWriter.m */,
				1030D83301134574A35222B5 /* UIImage+CropScaleOrientation.h */,
				2FD46847DAC4431CB4C3B25F /* CDVCamera.h */,
				F170A8AD83944ECBA541F89F /* CDVJpegHeaderWriter.h */,
				BFF08C6FA4584E8196F008F8 /* CDVExif.h */,
				A34FA77ED2224E4C8871888A /* CDVDevice.m */,
				58EE2FCD0D3C488EB475165E /* CDVDevice.h */,
				5CBCE13FD8814B2F8EB80131 /* CDVNotification.m */,
				7A80B57E556A4B41878116C3 /* CDVNotification.h */,
				D46548608B8340B7B5320207 /* CDVLocation.m */,
				74AD153973584803BA9B43D2 /* CDVLocation.h */,
				4577A35816E142B2B03ACE99 /* CDVGlobalization.m */,
				1E7378AD29144814941CB999 /* CDVGlobalization.h */,
				E0E839C5B69D449D874C0775 /* CDVInAppBrowserOptions.m */,
				F5B4B55CDFED452FBF587935 /* CDVInAppBrowserNavigationController.m */,
				EFB4A1566C7140059B44F5ED /* CDVWKInAppBrowser.m */,
				C4D6A5E1D32C47E884BCC7F8 /* CDVWKInAppBrowserUIDelegate.m */,
				D704DF43498F4B5D804213AB /* CDVInAppBrowserOptions.h */,
				E184521B34DE46499A953215 /* CDVInAppBrowserNavigationController.h */,
				0F0F5E9F9B764DDC9D61C82F /* CDVWKInAppBrowser.h */,
				D045B9929BC64043B4AB0473 /* CDVWKInAppBrowserUIDelegate.h */,
				918D2714AE874F4A84982E00 /* CDVIonicKeyboard.m */,
				FC2CE4F6A4D84A7D95789981 /* CDVIonicKeyboard.h */,
				9ED0CC27EFB941369CA90A32 /* CDVWKWebViewEngine.m */,
				5B15D7B776A745B9AB43F365 /* CDVWKWebViewUIDelegate.m */,
				822BEE40515244FA9B29B790 /* CDVWKProcessPoolFactory.m */,
				2D113EBD2A654E28BF39D1E9 /* IONAssetHandler.m */,
				E74C28AC27914B51A72C9988 /* CDVWKWebViewEngine.h */,
				819832B439564882B8C66EFF /* CDVWKWebViewUIDelegate.h */,
				2D1D9EB8ECB548378DD1FACA /* CDVWKProcessPoolFactory.h */,
				DC5EE233DE8346A48B3F9D50 /* IONAssetHandler.h */,
				2BDF294A63974EFFA750C5D7 /* NativeGeocoder.swift */,
				7AD7CDE3A79F4BEF8CA2A3C7 /* NativeGeocoder-Bridging-Header.h */,
				63102593579F40638F2D3610 /* NativeStorage.m */,
				EBD12A2037FC42B89890C6B6 /* NativeStorage.h */,
				F32BD4099E7A4E7CBE800C5B /* CDVSplashScreen.m */,
				6D31EA5D86564CC3937DF0D6 /* CDVViewController+SplashScreen.m */,
				E1397E78CDEE48368B37F70C /* CDVSplashScreen.h */,
				191291D1E468418FBC3A7C41 /* CDVViewController+SplashScreen.h */,
				A4A178EFBD8A424186698508 /* CDVStatusBar.m */,
				B5B23DAA4F504F5EB7AD68DC /* CDVStatusBar.h */,
				8D9A5D137DDB42118F4CAE7E /* UserAgent.m */,
				906A0D103D034398A5526B40 /* UserAgent.h */,
			);
			name = Plugins;
			path = MyApp/Plugins;
			sourceTree = SOURCE_ROOT;
		};
		EB87FDF11871DA420020F90C /* Staging */ = {
			isa = PBXGroup;
			children = (
				F840E1F0165FE0F500CFE078 /* config.xml */,
				301BF56E109A69640062928A /* www */,
			);
			name = Staging;
			sourceTree = "<group>";
		};
/* End PBXGroup section */

/* Begin PBXNativeTarget section */
		1D6058900D05DD3D006BFB54 /* MyApp */ = {
			isa = PBXNativeTarget;
			buildConfigurationList = 1D6058960D05DD3E006BFB54 /* Build configuration list for PBXNativeTarget "MyApp" */;
			buildPhases = (
				304B58A110DAC018002A0835 /* Copy www directory */,
				1D60588D0D05DD3D006BFB54 /* Resources */,
				1D60588E0D05DD3D006BFB54 /* Sources */,
				1D60588F0D05DD3D006BFB54 /* Frameworks */,
			);
			buildRules = (
			);
			dependencies = (
				301BF551109A68C00062928A /* PBXTargetDependency */,
			);
			name = MyApp;
			productName = MyApp;
			productReference = 1D6058910D05DD3D006BFB54 /* MyApp.app */;
			productType = "com.apple.product-type.application";
		};
/* End PBXNativeTarget section */

/* Begin PBXProject section */
		29B97313FDCFA39411CA2CEA /* Project object */ = {
			isa = PBXProject;
			attributes = {
				LastUpgradeCheck = 1130;
			};
			buildConfigurationList = C01FCF4E08A954540054247B /* Build configuration list for PBXProject "MyApp" */;
			compatibilityVersion = "Xcode 11.0";
			developmentRegion = en;
			hasScannedForEncodings = 1;
			knownRegions = (
				en,
				Base,
			);
			mainGroup = 29B97314FDCFA39411CA2CEA /* CustomTemplate */;
			projectDirPath = "";
			projectReferences = (
				{
					ProductGroup = 301BF52E109A57CC0062928A /* Products */;
					ProjectRef = 301BF52D109A57CC0062928A /* CordovaLib.xcodeproj */;
				},
			);
			projectRoot = "";
			targets = (
				1D6058900D05DD3D006BFB54 /* MyApp */,
			);
		};
/* End PBXProject section */

/* Begin PBXReferenceProxy section */
		301BF535109A57CC0062928A /* libCordova.a */ = {
			isa = PBXReferenceProxy;
			fileType = archive.ar;
			path = libCordova.a;
			remoteRef = 301BF534109A57CC0062928A /* PBXContainerItemProxy */;
			sourceTree = BUILT_PRODUCTS_DIR;
		};
		907D8124214C687600058A10 /* Cordova.framework */ = {
			isa = PBXReferenceProxy;
			fileType = wrapper.framework;
			path = Cordova.framework;
			remoteRef = 907D8123214C687600058A10 /* PBXContainerItemProxy */;
			sourceTree = BUILT_PRODUCTS_DIR;
		};
/* End PBXReferenceProxy section */

/* Begin PBXResourcesBuildPhase section */
		1D60588D0D05DD3D006BFB54 /* Resources */ = {
			isa = PBXResourcesBuildPhase;
			buildActionMask = 2147483647;
			files = (
				302D95F214D2391D003F00A1 /* MainViewController.xib in Resources */,
				0207DA581B56EA530066E2B4 /* Images.xcassets in Resources */,
				6AFF5BF91D6E424B00AB3073 /* CDVLaunchScreen.storyboard in Resources */,
				20ACF6FF22134E16AB0FF0E7 /* CDVNotification.bundle in Resources */,
			);
			runOnlyForDeploymentPostprocessing = 0;
		};
/* End PBXResourcesBuildPhase section */

/* Begin PBXShellScriptBuildPhase section */
		304B58A110DAC018002A0835 /* Copy www directory */ = {
			isa = PBXShellScriptBuildPhase;
			buildActionMask = 2147483647;
			files = (
			);
			inputPaths = (
			);
			name = "Copy www directory";
			outputPaths = (
			);
			runOnlyForDeploymentPostprocessing = 0;
			shellPath = /bin/sh;
			shellScript = "\"$SRCROOT/MyApp/Scripts/copy-www-build-step.sh\"";
			showEnvVarsInLog = 0;
		};
/* End PBXShellScriptBuildPhase section */

/* Begin PBXSourcesBuildPhase section */
		1D60588E0D05DD3D006BFB54 /* Sources */ = {
			isa = PBXSourcesBuildPhase;
			buildActionMask = 2147483647;
			files = (
				1D60589B0D05DD56006BFB54 /* main.m in Sources */,
				1D3623260D0F684500981E51 /* AppDelegate.m in Sources */,
				302D95F114D2391D003F00A1 /* MainViewController.m in Sources */,
				417A2715188242F5B66A1D2E /* CDVFile.m in Sources */,
				EAC4BA4E2E5F435EBE0C47DC /* CDVLocalFilesystem.m in Sources */,
				D6EC3D3E5140413EA8B57B1A /* CDVAssetLibraryFilesystem.m in Sources */,
				B0CD6C9DE3C347E688830347 /* CordovaHttpPlugin.m in Sources */,
				699C5559CD9140E29E2347A7 /* BinaryRequestSerializer.m in Sources */,
				AB10D48396D04A9CA377C0BB /* BinaryResponseSerializer.m in Sources */,
				B41F6B44C000454C856550CC /* TextResponseSerializer.m in Sources */,
				F55CB17FD4024C419E9D91D5 /* TextRequestSerializer.m in Sources */,
				83EEBAB545D2480284C39FBA /* SM_AFHTTPSessionManager.m in Sources */,
				9A42683C2B4441FAA045E8FB /* SM_AFNetworkReachabilityManager.m in Sources */,
				3EE39129953F440B8395C464 /* SM_AFSecurityPolicy.m in Sources */,
				08D5E7F8A6D6489990259ACB /* SM_AFURLRequestSerialization.m in Sources */,
				BF3E330182694D1DA79DE9AC /* SM_AFURLResponseSerialization.m in Sources */,
				2387E3F2113E4DB09EF7CD9B /* SM_AFURLSessionManager.m in Sources */,
				D32DE77ED7BB45C58EAE2091 /* SDNetworkActivityIndicator.m in Sources */,
				9113183AE5D249789D061524 /* UIImage+CropScaleOrientation.m in Sources */,
				126B6E71F92D4FF5BC67DF3B /* CDVCamera.m in Sources */,
				729EC9968B744AF6BCDED1A5 /* CDVJpegHeaderWriter.m in Sources */,
				EA1F64F4ECCC4F16B96F84E5 /* CDVDevice.m in Sources */,
				F136AE93F03A44FAB2BE223D /* CDVNotification.m in Sources */,
				6DD606583E2844F08BB31621 /* CDVLocation.m in Sources */,
				6312FB08410A4666BB85F376 /* CDVGlobalization.m in Sources */,
				21B7140E2DE847F8BB00A0EB /* CDVInAppBrowserOptions.m in Sources */,
				CC172B52958B4CA49EBDD282 /* CDVInAppBrowserNavigationController.m in Sources */,
				75B6D177BEEC46F69C172B8D /* CDVWKInAppBrowser.m in Sources */,
				AF68EA46ECE446EC902B8C6D /* CDVWKInAppBrowserUIDelegate.m in Sources */,
				437E6B2DA4064F4A9F9E42BB /* CDVIonicKeyboard.m in Sources */,
				C17A525F3FAD472D829E2EF4 /* CDVWKWebViewEngine.m in Sources */,
				BEF3851AAF6A40E6B6C54925 /* CDVWKWebViewUIDelegate.m in Sources */,
				36EA5DFC47EA421FB272D109 /* CDVWKProcessPoolFactory.m in Sources */,
				859F03EBF33F4BB29E7B6A2D /* IONAssetHandler.m in Sources */,
				3A5B30CFE5CF4A1B96B5900D /* NativeGeocoder.swift in Sources */,
				7021A07D9B3C4E07AC7CF97B /* NativeStorage.m in Sources */,
				BE42BE80737B4675AD367C94 /* CDVSplashScreen.m in Sources */,
				A804B44240A04451A8AC425E /* CDVViewController+SplashScreen.m in Sources */,
				BC086FA2B1BD486587607116 /* CDVStatusBar.m in Sources */,
				BFFF6254D3CE4584BCF6DA9C /* UserAgent.m in Sources */,
			);
			runOnlyForDeploymentPostprocessing = 0;
		};
/* End PBXSourcesBuildPhase section */

/* Begin PBXTargetDependency section */
		301BF551109A68C00062928A /* PBXTargetDependency */ = {
			isa = PBXTargetDependency;
			name = CordovaLib;
			targetProxy = 301BF550109A68C00062928A /* PBXContainerItemProxy */;
		};
/* End PBXTargetDependency section */

/* Begin XCBuildConfiguration section */
		1D6058940D05DD3E006BFB54 /* Debug */ = {
			isa = XCBuildConfiguration;
			baseConfigurationReference = 3047A50F1AB8059700498E2A /* build-debug.xcconfig */;
			buildSettings = {
				ALWAYS_EMBED_SWIFT_STANDARD_LIBRARIES = YES;
				ALWAYS_SEARCH_USER_PATHS = NO;
				ASSETCATALOG_COMPILER_APPICON_NAME = AppIcon;
				CLANG_ENABLE_MODULES = YES;
				CLANG_ENABLE_OBJC_ARC = YES;
				CODE_SIGN_IDENTITY = "Apple Development";
				CODE_SIGN_STYLE = Automatic;
				COPY_PHASE_STRIP = NO;
				CURRENT_PROJECT_VERSION = 0.0.3;
				DEVELOPMENT_TEAM = 76JX3HQE64;
				GCC_DYNAMIC_NO_PIC = NO;
				GCC_OPTIMIZATION_LEVEL = 0;
				GCC_PRECOMPILE_PREFIX_HEADER = YES;
				GCC_PREFIX_HEADER = "MyApp/MyApp-Prefix.pch";
				GCC_THUMB_SUPPORT = NO;
				GCC_VERSION = "";
				INFOPLIST_FILE = "MyApp/MyApp-Info.plist";
				IPHONEOS_DEPLOYMENT_TARGET = 11.0;
				LD_RUNPATH_SEARCH_PATHS = "@executable_path/Frameworks";
				MARKETING_VERSION = 0.0.3;
				PRODUCT_BUNDLE_IDENTIFIER = risda.pnsb.pipeline;
				PRODUCT_NAME = "$(TARGET_NAME)";
				PROVISIONING_PROFILE_SPECIFIER = "";
				SWIFT_OBJC_BRIDGING_HEADER = "$(PROJECT_DIR)/$(PROJECT_NAME)/Bridging-Header.h";
				SWIFT_OPTIMIZATION_LEVEL = "-Onone";
				SWIFT_VERSION = 4.0;
				TARGETED_DEVICE_FAMILY = 1;
				VALIDATE_WORKSPACE = NO;
			};
			name = Debug;
		};
		1D6058950D05DD3E006BFB54 /* Release */ = {
			isa = XCBuildConfiguration;
			baseConfigurationReference = 3047A5101AB8059700498E2A /* build-release.xcconfig */;
			buildSettings = {
				ALWAYS_EMBED_SWIFT_STANDARD_LIBRARIES = YES;
				ALWAYS_SEARCH_USER_PATHS = NO;
				ASSETCATALOG_COMPILER_APPICON_NAME = AppIcon;
				CLANG_ENABLE_MODULES = YES;
				CLANG_ENABLE_OBJC_ARC = YES;
				CODE_SIGN_IDENTITY = "Apple Development";
				CODE_SIGN_STYLE = Automatic;
				COPY_PHASE_STRIP = YES;
				CURRENT_PROJECT_VERSION = 0.0.3;
				DEVELOPMENT_TEAM = 76JX3HQE64;
				GCC_PRECOMPILE_PREFIX_HEADER = YES;
				GCC_PREFIX_HEADER = "MyApp/MyApp-Prefix.pch";
				GCC_THUMB_SUPPORT = NO;
				GCC_VERSION = "";
				INFOPLIST_FILE = "MyApp/MyApp-Info.plist";
				IPHONEOS_DEPLOYMENT_TARGET = 11.0;
				LD_RUNPATH_SEARCH_PATHS = "@executable_path/Frameworks";
				MARKETING_VERSION = 0.0.3;
				PRODUCT_BUNDLE_IDENTIFIER = risda.pnsb.pipeline;
				PRODUCT_NAME = "$(TARGET_NAME)";
				PROVISIONING_PROFILE_SPECIFIER = "";
				SWIFT_OBJC_BRIDGING_HEADER = "$(PROJECT_DIR)/$(PROJECT_NAME)/Bridging-Header.h";
				SWIFT_VERSION = 4.0;
				TARGETED_DEVICE_FAMILY = 1;
				VALIDATE_WORKSPACE = NO;
			};
			name = Release;
		};
		C01FCF4F08A954540054247B /* Debug */ = {
			isa = XCBuildConfiguration;
			baseConfigurationReference = 3047A5111AB8059700498E2A /* build.xcconfig */;
			buildSettings = {
				ALWAYS_EMBED_SWIFT_STANDARD_LIBRARIES = YES;
				CLANG_ANALYZER_LOCALIZABILITY_NONLOCALIZED = YES;
				CLANG_ENABLE_MODULES = YES;
				CLANG_ENABLE_OBJC_ARC = YES;
				CLANG_WARN_BLOCK_CAPTURE_AUTORELEASING = YES;
				CLANG_WARN_BOOL_CONVERSION = YES;
				CLANG_WARN_COMMA = YES;
				CLANG_WARN_CONSTANT_CONVERSION = YES;
				CLANG_WARN_DEPRECATED_OBJC_IMPLEMENTATIONS = YES;
				CLANG_WARN_EMPTY_BODY = YES;
				CLANG_WARN_ENUM_CONVERSION = YES;
				CLANG_WARN_INFINITE_RECURSION = YES;
				CLANG_WARN_INT_CONVERSION = YES;
				CLANG_WARN_NON_LITERAL_NULL_CONVERSION = YES;
				CLANG_WARN_OBJC_IMPLICIT_RETAIN_SELF = YES;
				CLANG_WARN_OBJC_LITERAL_CONVERSION = YES;
				CLANG_WARN_RANGE_LOOP_ANALYSIS = YES;
				CLANG_WARN_STRICT_PROTOTYPES = YES;
				CLANG_WARN_SUSPICIOUS_MOVE = YES;
				CLANG_WARN_UNREACHABLE_CODE = YES;
				CLANG_WARN__DUPLICATE_METHOD_MATCH = YES;
				ENABLE_STRICT_OBJC_MSGSEND = YES;
				ENABLE_TESTABILITY = YES;
				GCC_C_LANGUAGE_STANDARD = c99;
				GCC_NO_COMMON_BLOCKS = YES;
				GCC_THUMB_SUPPORT = NO;
				GCC_VERSION = "";
				GCC_WARN_64_TO_32_BIT_CONVERSION = YES;
				GCC_WARN_ABOUT_RETURN_TYPE = YES;
				GCC_WARN_UNDECLARED_SELECTOR = YES;
				GCC_WARN_UNINITIALIZED_AUTOS = YES;
				GCC_WARN_UNUSED_FUNCTION = YES;
				GCC_WARN_UNUSED_VARIABLE = YES;
				IPHONEOS_DEPLOYMENT_TARGET = 11.0;
				ONLY_ACTIVE_ARCH = YES;
				SDKROOT = iphoneos;
				SKIP_INSTALL = NO;
				SWIFT_OBJC_BRIDGING_HEADER = "$(PROJECT_DIR)/$(PROJECT_NAME)/Bridging-Header.h";
				SWIFT_OPTIMIZATION_LEVEL = "-Onone";
				SWIFT_VERSION = 4.0;
				WK_WEB_VIEW_ONLY = 1;
			};
			name = Debug;
		};
		C01FCF5008A954540054247B /* Release */ = {
			isa = XCBuildConfiguration;
			baseConfigurationReference = 3047A5111AB8059700498E2A /* build.xcconfig */;
			buildSettings = {
				ALWAYS_EMBED_SWIFT_STANDARD_LIBRARIES = YES;
				CLANG_ANALYZER_LOCALIZABILITY_NONLOCALIZED = YES;
				CLANG_ENABLE_MODULES = YES;
				CLANG_ENABLE_OBJC_ARC = YES;
				CLANG_WARN_BLOCK_CAPTURE_AUTORELEASING = YES;
				CLANG_WARN_BOOL_CONVERSION = YES;
				CLANG_WARN_COMMA = YES;
				CLANG_WARN_CONSTANT_CONVERSION = YES;
				CLANG_WARN_DEPRECATED_OBJC_IMPLEMENTATIONS = YES;
				CLANG_WARN_EMPTY_BODY = YES;
				CLANG_WARN_ENUM_CONVERSION = YES;
				CLANG_WARN_INFINITE_RECURSION = YES;
				CLANG_WARN_INT_CONVERSION = YES;
				CLANG_WARN_NON_LITERAL_NULL_CONVERSION = YES;
				CLANG_WARN_OBJC_IMPLICIT_RETAIN_SELF = YES;
				CLANG_WARN_OBJC_LITERAL_CONVERSION = YES;
				CLANG_WARN_RANGE_LOOP_ANALYSIS = YES;
				CLANG_WARN_STRICT_PROTOTYPES = YES;
				CLANG_WARN_SUSPICIOUS_MOVE = YES;
				CLANG_WARN_UNREACHABLE_CODE = YES;
				CLANG_WARN__DUPLICATE_METHOD_MATCH = YES;
				ENABLE_STRICT_OBJC_MSGSEND = YES;
				GCC_C_LANGUAGE_STANDARD = c99;
				GCC_NO_COMMON_BLOCKS = YES;
				GCC_THUMB_SUPPORT = NO;
				GCC_VERSION = "";
				GCC_WARN_64_TO_32_BIT_CONVERSION = YES;
				GCC_WARN_ABOUT_RETURN_TYPE = YES;
				GCC_WARN_UNDECLARED_SELECTOR = YES;
				GCC_WARN_UNINITIALIZED_AUTOS = YES;
				GCC_WARN_UNUSED_FUNCTION = YES;
				GCC_WARN_UNUSED_VARIABLE = YES;
				IPHONEOS_DEPLOYMENT_TARGET = 11.0;
				SDKROOT = iphoneos;
				SKIP_INSTALL = NO;
				SWIFT_OBJC_BRIDGING_HEADER = "$(PROJECT_DIR)/$(PROJECT_NAME)/Bridging-Header.h";
				SWIFT_VERSION = 4.0;
				WK_WEB_VIEW_ONLY = 1;
			};
			name = Release;
		};
/* End XCBuildConfiguration section */

/* Begin XCConfigurationList section */
		1D6058960D05DD3E006BFB54 /* Build configuration list for PBXNativeTarget "MyApp" */ = {
			isa = XCConfigurationList;
			buildConfigurations = (
				1D6058940D05DD3E006BFB54 /* Debug */,
				1D6058950D05DD3E006BFB54 /* Release */,
			);
			defaultConfigurationIsVisible = 0;
			defaultConfigurationName = Release;
		};
		C01FCF4E08A954540054247B /* Build configuration list for PBXProject "MyApp" */ = {
			isa = XCConfigurationList;
			buildConfigurations = (
				C01FCF4F08A954540054247B /* Debug */,
				C01FCF5008A954540054247B /* Release */,
			);
			defaultConfigurationIsVisible = 0;
			defaultConfigurationName = Release;
		};
/* End XCConfigurationList section */
	};
	rootObject = 29B97313FDCFA39411CA2CEA /* Project object */;
}
